
Microsoft Visual Studio Solution File, Format Version 12.00
# Visual Studio Version 17
VisualStudioVersion = 17.1.32104.313
MinimumVisualStudioVersion = 10.0.40219.1
Project("{9A19103F-16F7-4668-BE54-9A1E7A4F7556}") = "FYYSF", "FYYSF\FYYSF.csproj", "{AA511965-2146-4396-A5C9-AC75CE8218E5}"
EndProject
Project("{9A19103F-16F7-4668-BE54-9A1E7A4F7556}") = "Shared", "Shared\Shared.csproj", "{37109C1E-FCA4-48C1-AB29-10EBAE83B3A1}"
EndProject
Project("{9A19103F-16F7-4668-BE54-9A1E7A4F7556}") = "GRPC", "GRPC\GRPC.csproj", "{22B33024-50E8-4E46-AFA5-9A295CF507E4}"
EndProject
Project("{FAE04EC0-301F-11D3-BF4B-00C04F79EFBC}") = "Admin", "Admin\Admin.csproj", "{317D7B69-53E5-4F79-B719-14D414EBC704}"
EndProject
Global
	GlobalSection(SolutionConfigurationPlatforms) = preSolution
		Debug|Any CPU = Debug|Any CPU
		Release|Any CPU = Release|Any CPU
	EndGlobalSection
	GlobalSection(ProjectConfigurationPlatforms) = postSolution
		{AA511965-2146-4396-A5C9-AC75CE8218E5}.Debug|Any CPU.ActiveCfg = Debug|Any CPU
		{AA511965-2146-4396-A5C9-AC75CE8218E5}.Debug|Any CPU.Build.0 = Debug|Any CPU
		{AA511965-2146-4396-A5C9-AC75CE8218E5}.Release|Any CPU.ActiveCfg = Release|Any CPU
		{AA511965-2146-4396-A5C9-AC75CE8218E5}.Release|Any CPU.Build.0 = Release|Any CPU
		{37109C1E-FCA4-48C1-AB29-10EBAE83B3A1}.Debug|Any CPU.ActiveCfg = Debug|Any CPU
		{37109C1E-FCA4-48C1-AB29-10EBAE83B3A1}.Debug|Any CPU.Build.0 = Debug|Any CPU
		{37109C1E-FCA4-48C1-AB29-10EBAE83B3A1}.Release|Any CPU.ActiveCfg = Release|Any CPU
		{37109C1E-FCA4-48C1-AB29-10EBAE83B3A1}.Release|Any CPU.Build.0 = Release|Any CPU
		{22B33024-50E8-4E46-AFA5-9A295CF507E4}.Debug|Any CPU.ActiveCfg = Debug|Any CPU
		{22B33024-50E8-4E46-AFA5-9A295CF507E4}.Debug|Any CPU.Build.0 = Debug|Any CPU
		{22B33024-50E8-4E46-AFA5-9A295CF507E4}.Release|Any CPU.ActiveCfg = Release|Any CPU
		{22B33024-50E8-4E46-AFA5-9A295CF507E4}.Release|Any CPU.Build.0 = Release|Any CPU
		{317D7B69-53E5-4F79-B719-14D414EBC704}.Debug|Any CPU.ActiveCfg = Debug|Any CPU
		{317D7B69-53E5-4F79-B719-14D414EBC704}.Debug|Any CPU.Build.0 = Debug|Any CPU
		{317D7B69-53E5-4F79-B719-14D414EBC704}.Release|Any CPU.ActiveCfg = Release|Any CPU
		{317D7B69-53E5-4F79-B719-14D414EBC704}.Release|Any CPU.Build.0 = Release|Any CPU
	EndGlobalSection
	GlobalSection(SolutionProperties) = preSolution
		HideSolutionNode = FALSE
	EndGlobalSection
	GlobalSection(ExtensibilityGlobals) = postSolution
		SolutionGuid = {7BFB4426-A1A7-4AFB-AA8E-36A1B54964E9}
	EndGlobalSection
EndGlobal
